// !$*UTF8*$!
{
	archiveVersion = 1;
	classes = {
	};
	objectVersion = 46;
	objects = {

/* Begin PBXBuildFile section */
		1E03CE7C1E23C776002643B7 /* LockFreeAsyncQueue.swift in Sources */ = {isa = PBXBuildFile; fileRef = 1E03CE7B1E23C776002643B7 /* LockFreeAsyncQueue.swift */; };
		1E272B151E004BC300299D68 /* ExampleOfKqueue.swift in Sources */ = {isa = PBXBuildFile; fileRef = 1E272B141E004BC300299D68 /* ExampleOfKqueue.swift */; };
		1E272B171E0057ED00299D68 /* EventNotifier.swift in Sources */ = {isa = PBXBuildFile; fileRef = 1E272B161E0057ED00299D68 /* EventNotifier.swift */; };
		1E2CCF9F1D48E7E7001EEA2D /* PosixThread.swift in Sources */ = {isa = PBXBuildFile; fileRef = 1E2CCF9E1D48E7E7001EEA2D /* PosixThread.swift */; };
		1E2CCFA11D48F229001EEA2D /* PosixMutex.swift in Sources */ = {isa = PBXBuildFile; fileRef = 1E2CCFA01D48F229001EEA2D /* PosixMutex.swift */; };
		1E2CCFA41D48F2A9001EEA2D /* Common.swift in Sources */ = {isa = PBXBuildFile; fileRef = 1E2CCFA31D48F2A9001EEA2D /* Common.swift */; };
		1E35DCDE1D4A3060008FFE4F /* ExampleOfWebServer.swift in Sources */ = {isa = PBXBuildFile; fileRef = 1E35DCDD1D4A3060008FFE4F /* ExampleOfWebServer.swift */; };
		1E35DCE01D4A30A6008FFE4F /* ExampleOfTcp.swift in Sources */ = {isa = PBXBuildFile; fileRef = 1E35DCDF1D4A30A6008FFE4F /* ExampleOfTcp.swift */; };
		1E5058DE1D28E4D60001E726 /* EchoServer.swift in Sources */ = {isa = PBXBuildFile; fileRef = 1E5058DD1D28E4D60001E726 /* EchoServer.swift */; };
		1E54C2831D33E59F0042448F /* TcpClient.swift in Sources */ = {isa = PBXBuildFile; fileRef = 1E54C2821D33E59F0042448F /* TcpClient.swift */; };
		1E54C2851D33EE840042448F /* TcpServer.swift in Sources */ = {isa = PBXBuildFile; fileRef = 1E54C2841D33EE840042448F /* TcpServer.swift */; };
		1E73CB6D1D2BEE5D00477236 /* ThreadTest.swift in Sources */ = {isa = PBXBuildFile; fileRef = 1E73CB6C1D2BEE5D00477236 /* ThreadTest.swift */; };
		1E79F14A1D47C3B700DD8B33 /* PosixSemaphore.swift in Sources */ = {isa = PBXBuildFile; fileRef = 1E79F1491D47C3B700DD8B33 /* PosixSemaphore.swift */; };
		1E910A641E2ADD79007C1EDB /* PosixSignal.swift in Sources */ = {isa = PBXBuildFile; fileRef = 1E910A631E2ADD79007C1EDB /* PosixSignal.swift */; };
		1E938A041E0645E700CA23B1 /* TlsServer.swift in Sources */ = {isa = PBXBuildFile; fileRef = 1E938A031E0645E700CA23B1 /* TlsServer.swift */; };
		1E938A061E06486400CA23B1 /* HandledSSLServerStream.swift in Sources */ = {isa = PBXBuildFile; fileRef = 1E938A051E06486400CA23B1 /* HandledSSLServerStream.swift */; };
		1E9403B31E06818B002DE0BC /* Data.swift in Sources */ = {isa = PBXBuildFile; fileRef = 1E9403B21E06818B002DE0BC /* Data.swift */; };
		1E9D84AB1D2F6C5300C5AA35 /* ExampleOfThreadLib.swift in Sources */ = {isa = PBXBuildFile; fileRef = 1E9D84AA1D2F6C5300C5AA35 /* ExampleOfThreadLib.swift */; };
		1E9FDE0F1DFCE47E0089C532 /* PosixCond.swift in Sources */ = {isa = PBXBuildFile; fileRef = 1E9FDE0E1DFCE47E0089C532 /* PosixCond.swift */; };
		1E9FDE111DFCE6860089C532 /* AsyncQueue.swift in Sources */ = {isa = PBXBuildFile; fileRef = 1E9FDE101DFCE6860089C532 /* AsyncQueue.swift */; };
		1EC829061D36746500916973 /* HttpServer.swift in Sources */ = {isa = PBXBuildFile; fileRef = 1EC829051D36746500916973 /* HttpServer.swift */; };
		1ECB310A1DFD82E7009C4D07 /* ThreadPoolConsumer.swift in Sources */ = {isa = PBXBuildFile; fileRef = 1ECB31091DFD82E7009C4D07 /* ThreadPoolConsumer.swift */; };
		1ECB310C1DFD8F39009C4D07 /* ExampleOfThreadPool.swift in Sources */ = {isa = PBXBuildFile; fileRef = 1ECB310B1DFD8F39009C4D07 /* ExampleOfThreadPool.swift */; };
		1ECD0E201E04FB8B00240EF7 /* BroadcastableWebSocketServer.swift in Sources */ = {isa = PBXBuildFile; fileRef = 1ECD0E1F1E04FB8B00240EF7 /* BroadcastableWebSocketServer.swift */; };
		1ECD60241DFEF51900F80F8C /* Kqueue.swift in Sources */ = {isa = PBXBuildFile; fileRef = 1ECD60231DFEF51900F80F8C /* Kqueue.swift */; };
		1EE887501D37D5FA003C8915 /* HttpResuestParser.swift in Sources */ = {isa = PBXBuildFile; fileRef = 1EE8874F1D37D5FA003C8915 /* HttpResuestParser.swift */; };
		1EE887541D37D656003C8915 /* TcpData.swift in Sources */ = {isa = PBXBuildFile; fileRef = 1EE887531D37D656003C8915 /* TcpData.swift */; };
		1EE887561D37DED6003C8915 /* Result.swift in Sources */ = {isa = PBXBuildFile; fileRef = 1EE887551D37DED6003C8915 /* Result.swift */; };
		1EE887581D37E1A5003C8915 /* HttpResponseSerializer.swift in Sources */ = {isa = PBXBuildFile; fileRef = 1EE887571D37E1A5003C8915 /* HttpResponseSerializer.swift */; };
		1EE8875A1D37E1E9003C8915 /* TcpStream.swift in Sources */ = {isa = PBXBuildFile; fileRef = 1EE887591D37E1E9003C8915 /* TcpStream.swift */; };
		1EFE2B4A1E29C8960091102F /* ExampleOfLockFreeQueue.swift in Sources */ = {isa = PBXBuildFile; fileRef = 1EFE2B491E29C8960091102F /* ExampleOfLockFreeQueue.swift */; };
		__src_cc_ref_Sources/echoclient.swift /* EchoClient.swift in Sources */ = {isa = PBXBuildFile; fileRef = __PBXFileRef_Sources/echoclient.swift /* EchoClient.swift */; };
		__src_cc_ref_Sources/main.swift /* main.swift in Sources */ = {isa = PBXBuildFile; fileRef = __PBXFileRef_Sources/main.swift /* main.swift */; };
/* End PBXBuildFile section */

/* Begin PBXFileReference section */
		1E03CE7B1E23C776002643B7 /* LockFreeAsyncQueue.swift */ = {isa = PBXFileReference; fileEncoding = 4; lastKnownFileType = sourcecode.swift; path = LockFreeAsyncQueue.swift; sourceTree = "<group>"; };
		1E272B141E004BC300299D68 /* ExampleOfKqueue.swift */ = {isa = PBXFileReference; fileEncoding = 4; lastKnownFileType = sourcecode.swift; path = ExampleOfKqueue.swift; sourceTree = "<group>"; };
		1E272B161E0057ED00299D68 /* EventNotifier.swift */ = {isa = PBXFileReference; fileEncoding = 4; lastKnownFileType = sourcecode.swift; path = EventNotifier.swift; sourceTree = "<group>"; };
		1E2CCF9E1D48E7E7001EEA2D /* PosixThread.swift */ = {isa = PBXFileReference; fileEncoding = 4; lastKnownFileType = sourcecode.swift; lineEnding = 0; path = PosixThread.swift; sourceTree = "<group>"; xcLanguageSpecificationIdentifier = xcode.lang.swift; };
		1E2CCFA01D48F229001EEA2D /* PosixMutex.swift */ = {isa = PBXFileReference; fileEncoding = 4; lastKnownFileType = sourcecode.swift; path = PosixMutex.swift; sourceTree = "<group>"; };
		1E2CCFA31D48F2A9001EEA2D /* Common.swift */ = {isa = PBXFileReference; fileEncoding = 4; lastKnownFileType = sourcecode.swift; path = Common.swift; sourceTree = "<group>"; };
		1E35DCDD1D4A3060008FFE4F /* ExampleOfWebServer.swift */ = {isa = PBXFileReference; fileEncoding = 4; lastKnownFileType = sourcecode.swift; lineEnding = 0; path = ExampleOfWebServer.swift; sourceTree = "<group>"; xcLanguageSpecificationIdentifier = xcode.lang.swift; };
		1E35DCDF1D4A30A6008FFE4F /* ExampleOfTcp.swift */ = {isa = PBXFileReference; fileEncoding = 4; lastKnownFileType = sourcecode.swift; lineEnding = 0; path = ExampleOfTcp.swift; sourceTree = "<group>"; xcLanguageSpecificationIdentifier = xcode.lang.swift; };
		1E5058DD1D28E4D60001E726 /* EchoServer.swift */ = {isa = PBXFileReference; fileEncoding = 4; lastKnownFileType = sourcecode.swift; path = EchoServer.swift; sourceTree = "<group>"; };
		1E54C2821D33E59F0042448F /* TcpClient.swift */ = {isa = PBXFileReference; fileEncoding = 4; lastKnownFileType = sourcecode.swift; path = TcpClient.swift; sourceTree = "<group>"; };
		1E54C2841D33EE840042448F /* TcpServer.swift */ = {isa = PBXFileReference; fileEncoding = 4; lastKnownFileType = sourcecode.swift; path = TcpServer.swift; sourceTree = "<group>"; };
		1E73CB6C1D2BEE5D00477236 /* ThreadTest.swift */ = {isa = PBXFileReference; fileEncoding = 4; lastKnownFileType = sourcecode.swift; lineEnding = 0; path = ThreadTest.swift; sourceTree = "<group>"; xcLanguageSpecificationIdentifier = xcode.lang.swift; };
		1E79F1491D47C3B700DD8B33 /* PosixSemaphore.swift */ = {isa = PBXFileReference; fileEncoding = 4; lastKnownFileType = sourcecode.swift; path = PosixSemaphore.swift; sourceTree = "<group>"; };
		1E910A631E2ADD79007C1EDB /* PosixSignal.swift */ = {isa = PBXFileReference; fileEncoding = 4; lastKnownFileType = sourcecode.swift; path = PosixSignal.swift; sourceTree = "<group>"; };
		1E938A031E0645E700CA23B1 /* TlsServer.swift */ = {isa = PBXFileReference; fileEncoding = 4; lastKnownFileType = sourcecode.swift; path = TlsServer.swift; sourceTree = "<group>"; };
		1E938A051E06486400CA23B1 /* HandledSSLServerStream.swift */ = {isa = PBXFileReference; fileEncoding = 4; lastKnownFileType = sourcecode.swift; path = HandledSSLServerStream.swift; sourceTree = "<group>"; };
		1E9403B21E06818B002DE0BC /* Data.swift */ = {isa = PBXFileReference; fileEncoding = 4; lastKnownFileType = sourcecode.swift; path = Data.swift; sourceTree = "<group>"; };
		1E9D84AA1D2F6C5300C5AA35 /* ExampleOfThreadLib.swift */ = {isa = PBXFileReference; fileEncoding = 4; lastKnownFileType = sourcecode.swift; lineEnding = 0; path = ExampleOfThreadLib.swift; sourceTree = "<group>"; xcLanguageSpecificationIdentifier = xcode.lang.swift; };
		1E9FDE0E1DFCE47E0089C532 /* PosixCond.swift */ = {isa = PBXFileReference; fileEncoding = 4; lastKnownFileType = sourcecode.swift; path = PosixCond.swift; sourceTree = "<group>"; };
		1E9FDE101DFCE6860089C532 /* AsyncQueue.swift */ = {isa = PBXFileReference; fileEncoding = 4; lastKnownFileType = sourcecode.swift; path = AsyncQueue.swift; sourceTree = "<group>"; };
		1EC829051D36746500916973 /* HttpServer.swift */ = {isa = PBXFileReference; fileEncoding = 4; lastKnownFileType = sourcecode.swift; path = HttpServer.swift; sourceTree = "<group>"; };
		1ECB31091DFD82E7009C4D07 /* ThreadPoolConsumer.swift */ = {isa = PBXFileReference; fileEncoding = 4; lastKnownFileType = sourcecode.swift; path = ThreadPoolConsumer.swift; sourceTree = "<group>"; };
		1ECB310B1DFD8F39009C4D07 /* ExampleOfThreadPool.swift */ = {isa = PBXFileReference; fileEncoding = 4; lastKnownFileType = sourcecode.swift; path = ExampleOfThreadPool.swift; sourceTree = "<group>"; };
		1ECD0E1F1E04FB8B00240EF7 /* BroadcastableWebSocketServer.swift */ = {isa = PBXFileReference; fileEncoding = 4; lastKnownFileType = sourcecode.swift; path = BroadcastableWebSocketServer.swift; sourceTree = "<group>"; };
		1ECD60231DFEF51900F80F8C /* Kqueue.swift */ = {isa = PBXFileReference; fileEncoding = 4; lastKnownFileType = sourcecode.swift; path = Kqueue.swift; sourceTree = "<group>"; };
		1EE8874F1D37D5FA003C8915 /* HttpResuestParser.swift */ = {isa = PBXFileReference; fileEncoding = 4; lastKnownFileType = sourcecode.swift; path = HttpResuestParser.swift; sourceTree = "<group>"; };
		1EE887531D37D656003C8915 /* TcpData.swift */ = {isa = PBXFileReference; fileEncoding = 4; lastKnownFileType = sourcecode.swift; path = TcpData.swift; sourceTree = "<group>"; };
		1EE887551D37DED6003C8915 /* Result.swift */ = {isa = PBXFileReference; fileEncoding = 4; lastKnownFileType = sourcecode.swift; path = Result.swift; sourceTree = "<group>"; };
		1EE887571D37E1A5003C8915 /* HttpResponseSerializer.swift */ = {isa = PBXFileReference; fileEncoding = 4; lastKnownFileType = sourcecode.swift; path = HttpResponseSerializer.swift; sourceTree = "<group>"; };
		1EE887591D37E1E9003C8915 /* TcpStream.swift */ = {isa = PBXFileReference; fileEncoding = 4; lastKnownFileType = sourcecode.swift; path = TcpStream.swift; sourceTree = "<group>"; };
		1EFE2B491E29C8960091102F /* ExampleOfLockFreeQueue.swift */ = {isa = PBXFileReference; fileEncoding = 4; lastKnownFileType = sourcecode.swift; lineEnding = 0; path = ExampleOfLockFreeQueue.swift; sourceTree = "<group>"; xcLanguageSpecificationIdentifier = xcode.lang.swift; };
		__PBXFileRef_Package.swift /* Package.swift */ = {isa = PBXFileReference; lastKnownFileType = sourcecode.swift; path = Package.swift; sourceTree = "<group>"; };
		__PBXFileRef_Sources/echoclient.swift /* EchoClient.swift */ = {isa = PBXFileReference; lastKnownFileType = sourcecode.swift; path = EchoClient.swift; sourceTree = "<group>"; };
		__PBXFileRef_Sources/main.swift /* main.swift */ = {isa = PBXFileReference; lastKnownFileType = sourcecode.swift; path = main.swift; sourceTree = "<group>"; };
		__PBXFileRef_SwiftNetLib.xcodeproj/Configs/Project.xcconfig /* Project.xcconfig */ = {isa = PBXFileReference; lastKnownFileType = text.xcconfig; name = Project.xcconfig; path = SwiftNetLib.xcodeproj/Configs/Project.xcconfig; sourceTree = "<group>"; };
		"_____Product_SwiftNetLib" /* SwiftNetLib */ = {isa = PBXFileReference; explicitFileType = "compiled.mach-o.executable"; path = SwiftNetLib; sourceTree = BUILT_PRODUCTS_DIR; };
/* End PBXFileReference section */

/* Begin PBXFrameworksBuildPhase section */
		"___LinkPhase_SwiftNetLib" /* Frameworks */ = {
			isa = PBXFrameworksBuildPhase;
			buildActionMask = 0;
			files = (
			);
			runOnlyForDeploymentPostprocessing = 0;
		};
/* End PBXFrameworksBuildPhase section */

/* Begin PBXGroup section */
		1E272B181E00616600299D68 /* EventLib */ = {
			isa = PBXGroup;
			children = (
				1E272B161E0057ED00299D68 /* EventNotifier.swift */,
			);
			name = EventLib;
			sourceTree = "<group>";
		};
		1E2CCFA21D48F278001EEA2D /* Examples */ = {
			isa = PBXGroup;
			children = (
				1E73CB6F1D2BEE8400477236 /* ThreadTest */,
				1E73CB6E1D2BEE7200477236 /* SocketTest */,
				1E9D84AA1D2F6C5300C5AA35 /* ExampleOfThreadLib.swift */,
				1EFE2B491E29C8960091102F /* ExampleOfLockFreeQueue.swift */,
				1ECB310B1DFD8F39009C4D07 /* ExampleOfThreadPool.swift */,
				1E35DCDF1D4A30A6008FFE4F /* ExampleOfTcp.swift */,
				1E35DCDD1D4A3060008FFE4F /* ExampleOfWebServer.swift */,
				1E272B141E004BC300299D68 /* ExampleOfKqueue.swift */,
			);
			name = Examples;
			sourceTree = "<group>";
		};
		1E54C2811D33E5690042448F /* TcpLib */ = {
			isa = PBXGroup;
			children = (
				1E938A051E06486400CA23B1 /* HandledSSLServerStream.swift */,
				1EE887591D37E1E9003C8915 /* TcpStream.swift */,
				1EE887531D37D656003C8915 /* TcpData.swift */,
				1E9403B21E06818B002DE0BC /* Data.swift */,
				1E54C2821D33E59F0042448F /* TcpClient.swift */,
				1E938A031E0645E700CA23B1 /* TlsServer.swift */,
				1E54C2841D33EE840042448F /* TcpServer.swift */,
				1ECD60231DFEF51900F80F8C /* Kqueue.swift */,
			);
			name = TcpLib;
			sourceTree = "<group>";
		};
		1E5DC62C1E045E4300EB7A34 /* QueueLib */ = {
			isa = PBXGroup;
			children = (
				1E9FDE101DFCE6860089C532 /* AsyncQueue.swift */,
				1E03CE7B1E23C776002643B7 /* LockFreeAsyncQueue.swift */,
			);
			name = QueueLib;
			sourceTree = "<group>";
		};
		1E73CB6E1D2BEE7200477236 /* SocketTest */ = {
			isa = PBXGroup;
			children = (
				__PBXFileRef_Sources/echoclient.swift /* EchoClient.swift */,
				1E5058DD1D28E4D60001E726 /* EchoServer.swift */,
			);
			name = SocketTest;
			sourceTree = "<group>";
		};
		1E73CB6F1D2BEE8400477236 /* ThreadTest */ = {
			isa = PBXGroup;
			children = (
				1E73CB6C1D2BEE5D00477236 /* ThreadTest.swift */,
			);
			name = ThreadTest;
			sourceTree = "<group>";
		};
		1E910A621E2ADD60007C1EDB /* Singal */ = {
			isa = PBXGroup;
			children = (
				1E910A631E2ADD79007C1EDB /* PosixSignal.swift */,
			);
			name = Singal;
			sourceTree = "<group>";
		};
		1E9D84A91D2F6C4100C5AA35 /* ThreadLib */ = {
			isa = PBXGroup;
			children = (
				1E2CCFA31D48F2A9001EEA2D /* Common.swift */,
				1E2CCFA01D48F229001EEA2D /* PosixMutex.swift */,
				1E79F1491D47C3B700DD8B33 /* PosixSemaphore.swift */,
				1E2CCF9E1D48E7E7001EEA2D /* PosixThread.swift */,
				1E9FDE0E1DFCE47E0089C532 /* PosixCond.swift */,
				1ECB31091DFD82E7009C4D07 /* ThreadPoolConsumer.swift */,
			);
			name = ThreadLib;
			sourceTree = "<group>";
		};
		1EC829041D36744B00916973 /* HttpLib */ = {
			isa = PBXGroup;
			children = (
				1EC829051D36746500916973 /* HttpServer.swift */,
				1EE8874F1D37D5FA003C8915 /* HttpResuestParser.swift */,
				1EE887571D37E1A5003C8915 /* HttpResponseSerializer.swift */,
				1EE887551D37DED6003C8915 /* Result.swift */,
			);
			name = HttpLib;
			sourceTree = "<group>";
		};
		1ECD0E1E1E04FB6500240EF7 /* WebSocketLib */ = {
			isa = PBXGroup;
			children = (
				1ECD0E1F1E04FB8B00240EF7 /* BroadcastableWebSocketServer.swift */,
			);
			name = WebSocketLib;
			sourceTree = "<group>";
		};
		"___RootGroup_" = {
			isa = PBXGroup;
			children = (
				__PBXFileRef_Package.swift /* Package.swift */,
				"_____Configs_" /* Configs */,
				"_____Sources_" /* Sources */,
				"____Products_" /* Products */,
			);
			sourceTree = "<group>";
		};
		"____Products_" /* Products */ = {
			isa = PBXGroup;
			children = (
				"_____Product_SwiftNetLib" /* SwiftNetLib */,
			);
			name = Products;
			sourceTree = "<group>";
		};
		"_____Configs_" /* Configs */ = {
			isa = PBXGroup;
			children = (
				__PBXFileRef_SwiftNetLib.xcodeproj/Configs/Project.xcconfig /* Project.xcconfig */,
			);
			name = Configs;
			sourceTree = "<group>";
		};
		"_____Sources_" /* Sources */ = {
			isa = PBXGroup;
			children = (
				"_______Group_SwiftNetLib" /* SwiftNetLib */,
			);
			name = Sources;
			sourceTree = "<group>";
		};
		"_______Group_SwiftNetLib" /* SwiftNetLib */ = {
			isa = PBXGroup;
			children = (
				1E910A621E2ADD60007C1EDB /* Singal */,
				1ECD0E1E1E04FB6500240EF7 /* WebSocketLib */,
				1EC829041D36744B00916973 /* HttpLib */,
				1E54C2811D33E5690042448F /* TcpLib */,
				1E272B181E00616600299D68 /* EventLib */,
				1E9D84A91D2F6C4100C5AA35 /* ThreadLib */,
				1E5DC62C1E045E4300EB7A34 /* QueueLib */,
				1E2CCFA21D48F278001EEA2D /* Examples */,
				__PBXFileRef_Sources/main.swift /* main.swift */,
			);
			name = SwiftNetLib;
			path = Sources;
			sourceTree = "<group>";
		};
/* End PBXGroup section */

/* Begin PBXNativeTarget section */
		"______Target_SwiftNetLib" /* SwiftNetLib */ = {
			isa = PBXNativeTarget;
			buildConfigurationList = "_______Confs_SwiftNetLib" /* Build configuration list for PBXNativeTarget "SwiftNetLib" */;
			buildPhases = (
				CompilePhase_SwiftNetLib /* Sources */,
				"___LinkPhase_SwiftNetLib" /* Frameworks */,
			);
			buildRules = (
			);
			dependencies = (
			);
			name = SwiftNetLib;
			productName = SwiftNetLib;
			productReference = "_____Product_SwiftNetLib" /* SwiftNetLib */;
			productType = "com.apple.product-type.tool";
		};
/* End PBXNativeTarget section */

/* Begin PBXProject section */
		__RootObject_ /* Project object */ = {
			isa = PBXProject;
			attributes = {
				LastUpgradeCheck = 9999;
			};
			buildConfigurationList = "___RootConfs_" /* Build configuration list for PBXProject "SwiftNetLib" */;
			compatibilityVersion = "Xcode 3.2";
			developmentRegion = English;
			hasScannedForEncodings = 0;
			knownRegions = (
				en,
			);
			mainGroup = "___RootGroup_";
			productRefGroup = "____Products_" /* Products */;
			projectDirPath = "";
			projectRoot = "";
			targets = (
				"______Target_SwiftNetLib" /* SwiftNetLib */,
			);
		};
/* End PBXProject section */

/* Begin PBXSourcesBuildPhase section */
		CompilePhase_SwiftNetLib /* Sources */ = {
			isa = PBXSourcesBuildPhase;
			buildActionMask = 0;
			files = (
				1E5058DE1D28E4D60001E726 /* EchoServer.swift in Sources */,
				1E9403B31E06818B002DE0BC /* Data.swift in Sources */,
				1EE887561D37DED6003C8915 /* Result.swift in Sources */,
				__src_cc_ref_Sources/echoclient.swift /* EchoClient.swift in Sources */,
				1E2CCF9F1D48E7E7001EEA2D /* PosixThread.swift in Sources */,
				1E938A041E0645E700CA23B1 /* TlsServer.swift in Sources */,
				__src_cc_ref_Sources/main.swift /* main.swift in Sources */,
				1E35DCE01D4A30A6008FFE4F /* ExampleOfTcp.swift in Sources */,
				1EFE2B4A1E29C8960091102F /* ExampleOfLockFreeQueue.swift in Sources */,
				1EE887581D37E1A5003C8915 /* HttpResponseSerializer.swift in Sources */,
				1E910A641E2ADD79007C1EDB /* PosixSignal.swift in Sources */,
				1E54C2831D33E59F0042448F /* TcpClient.swift in Sources */,
				1E79F14A1D47C3B700DD8B33 /* PosixSemaphore.swift in Sources */,
				1E9FDE111DFCE6860089C532 /* AsyncQueue.swift in Sources */,
				1E9FDE0F1DFCE47E0089C532 /* PosixCond.swift in Sources */,
				1E54C2851D33EE840042448F /* TcpServer.swift in Sources */,
				1EE887541D37D656003C8915 /* TcpData.swift in Sources */,
				1EC829061D36746500916973 /* HttpServer.swift in Sources */,
				1ECB310C1DFD8F39009C4D07 /* ExampleOfThreadPool.swift in Sources */,
				1ECD60241DFEF51900F80F8C /* Kqueue.swift in Sources */,
				1E35DCDE1D4A3060008FFE4F /* ExampleOfWebServer.swift in Sources */,
				1E03CE7C1E23C776002643B7 /* LockFreeAsyncQueue.swift in Sources */,
				1EE8875A1D37E1E9003C8915 /* TcpStream.swift in Sources */,
				1E2CCFA11D48F229001EEA2D /* PosixMutex.swift in Sources */,
				1E272B171E0057ED00299D68 /* EventNotifier.swift in Sources */,
				1E73CB6D1D2BEE5D00477236 /* ThreadTest.swift in Sources */,
				1E272B151E004BC300299D68 /* ExampleOfKqueue.swift in Sources */,
				1E2CCFA41D48F2A9001EEA2D /* Common.swift in Sources */,
				1E9D84AB1D2F6C5300C5AA35 /* ExampleOfThreadLib.swift in Sources */,
				1ECD0E201E04FB8B00240EF7 /* BroadcastableWebSocketServer.swift in Sources */,
				1EE887501D37D5FA003C8915 /* HttpResuestParser.swift in Sources */,
				1ECB310A1DFD82E7009C4D07 /* ThreadPoolConsumer.swift in Sources */,
				1E938A061E06486400CA23B1 /* HandledSSLServerStream.swift in Sources */,
			);
			runOnlyForDeploymentPostprocessing = 0;
		};
/* End PBXSourcesBuildPhase section */

/* Begin XCBuildConfiguration section */
		_ReleaseConf_SwiftNetLib /* Release */ = {
			isa = XCBuildConfiguration;
			buildSettings = {
				LD_RUNPATH_SEARCH_PATHS = "$(TOOLCHAIN_DIR)/usr/lib/swift/macosx @executable_path";
				OTHER_LDFLAGS = "$(inherited)";
				OTHER_SWIFT_FLAGS = "$(inherited)";
				SWIFT_FORCE_DYNAMIC_LINK_STDLIB = YES;
				SWIFT_FORCE_STATIC_LINK_STDLIB = NO;
			};
			name = Release;
		};
		"___DebugConf_SwiftNetLib" /* Debug */ = {
			isa = XCBuildConfiguration;
			buildSettings = {
				LD_RUNPATH_SEARCH_PATHS = "$(TOOLCHAIN_DIR)/usr/lib/swift/macosx @executable_path";
				OTHER_LDFLAGS = "$(inherited)";
				OTHER_SWIFT_FLAGS = "$(inherited)";
				SWIFT_FORCE_DYNAMIC_LINK_STDLIB = YES;
				SWIFT_FORCE_STATIC_LINK_STDLIB = NO;
				SWIFT_OPTIMIZATION_LEVEL = "-Onone";
			};
			name = Debug;
		};
		"_____Release_" /* Release */ = {
			isa = XCBuildConfiguration;
			baseConfigurationReference = __PBXFileRef_SwiftNetLib.xcodeproj/Configs/Project.xcconfig /* Project.xcconfig */;
			buildSettings = {
			};
			name = Release;
		};
		"_______Debug_" /* Debug */ = {
			isa = XCBuildConfiguration;
			baseConfigurationReference = __PBXFileRef_SwiftNetLib.xcodeproj/Configs/Project.xcconfig /* Project.xcconfig */;
			buildSettings = {
			};
			name = Debug;
		};
/* End XCBuildConfiguration section */

/* Begin XCConfigurationList section */
		"___RootConfs_" /* Build configuration list for PBXProject "SwiftNetLib" */ = {
			isa = XCConfigurationList;
			buildConfigurations = (
				"_______Debug_" /* Debug */,
				"_____Release_" /* Release */,
			);
			defaultConfigurationIsVisible = 0;
			defaultConfigurationName = Debug;
		};
		"_______Confs_SwiftNetLib" /* Build configuration list for PBXNativeTarget "SwiftNetLib" */ = {
			isa = XCConfigurationList;
			buildConfigurations = (
				"___DebugConf_SwiftNetLib" /* Debug */,
				_ReleaseConf_SwiftNetLib /* Release */,
			);
			defaultConfigurationIsVisible = 0;
			defaultConfigurationName = Debug;
		};
/* End XCConfigurationList section */
	};
	rootObject = __RootObject_ /* Project object */;
}
